
Microsoft Visual Studio Solution File, Format Version 12.00
# Visual Studio Version 17
VisualStudioVersion = 17.0.31903.59
MinimumVisualStudioVersion = 10.0.40219.1
Project("{2150E333-8FDC-42A3-9474-1A3956D46DE8}") = "src", "src", "{827E0CD3-B72D-47B6-A68D-7590B98EB39B}"
EndProject
Project("{FAE04EC0-301F-11D3-BF4B-00C04F79EFBC}") = "FriWorld.Launcher.Core", "src\FriWorld.Launcher.Core\FriWorld.Launcher.Core.csproj", "{95014346-ED91-4FFB-B801-07F067D2E107}"
EndProject
Project("{FAE04EC0-301F-11D3-BF4B-00C04F79EFBC}") = "FriWorld.Launcher.Cli", "src\FriWorld.Launcher.Cli\FriWorld.Launcher.Cli.csproj", "{7C7F429B-2379-42C0-ACC2-53D67C9CE6FE}"
EndProject
Project("{FAE04EC0-301F-11D3-BF4B-00C04F79EFBC}") = "FriWorld.Launcher.App", "src\FriWorld.Launcher.App\FriWorld.Launcher.App.csproj", "{4419AD4D-ECF1-41A8-A274-F4B52E4F93F6}"
EndProject
Project("{2150E333-8FDC-42A3-9474-1A3956D46DE8}") = "tests", "tests", "{0AB3BF05-4346-4AA6-1389-037BE0695223}"
EndProject
Project("{FAE04EC0-301F-11D3-BF4B-00C04F79EFBC}") = "FriWorld.Launcher.Core.Tests", "tests\FriWorld.Launcher.Core.Tests\FriWorld.Launcher.Core.Tests.csproj", "{7C3514F6-D774-4C21-BBAD-5C81DA00F7E8}"
EndProject
Project("{FAE04EC0-301F-11D3-BF4B-00C04F79EFBC}") = "FriWorld.Launcher.App.Tests", "tests\FriWorld.Launcher.App.Tests\FriWorld.Launcher.App.Tests.csproj", "{B6DBA9B3-FB16-4799-B93B-8C560731E2C6}"
EndProject
Global
	GlobalSection(SolutionConfigurationPlatforms) = preSolution
		Debug|Any CPU = Debug|Any CPU
		Debug|x64 = Debug|x64
		Debug|x86 = Debug|x86
		Release|Any CPU = Release|Any CPU
		Release|x64 = Release|x64
		Release|x86 = Release|x86
	EndGlobalSection
	GlobalSection(ProjectConfigurationPlatforms) = postSolution
		{95014346-ED91-4FFB-B801-07F067D2E107}.Debug|Any CPU.ActiveCfg = Debug|Any CPU
		{95014346-ED91-4FFB-B801-07F067D2E107}.Debug|Any CPU.Build.0 = Debug|Any CPU
		{95014346-ED91-4FFB-B801-07F067D2E107}.Debug|x64.ActiveCfg = Debug|Any CPU
		{95014346-ED91-4FFB-B801-07F067D2E107}.Debug|x64.Build.0 = Debug|Any CPU
		{95014346-ED91-4FFB-B801-07F067D2E107}.Debug|x86.ActiveCfg = Debug|Any CPU
		{95014346-ED91-4FFB-B801-07F067D2E107}.Debug|x86.Build.0 = Debug|Any CPU
		{95014346-ED91-4FFB-B801-07F067D2E107}.Release|Any CPU.ActiveCfg = Release|Any CPU
		{95014346-ED91-4FFB-B801-07F067D2E107}.Release|Any CPU.Build.0 = Release|Any CPU
		{95014346-ED91-4FFB-B801-07F067D2E107}.Release|x64.ActiveCfg = Release|Any CPU
		{95014346-ED91-4FFB-B801-07F067D2E107}.Release|x64.Build.0 = Release|Any CPU
		{95014346-ED91-4FFB-B801-07F067D2E107}.Release|x86.ActiveCfg = Release|Any CPU
		{95014346-ED91-4FFB-B801-07F067D2E107}.Release|x86.Build.0 = Release|Any CPU
		{7C7F429B-2379-42C0-ACC2-53D67C9CE6FE}.Debug|Any CPU.ActiveCfg = Debug|Any CPU
		{7C7F429B-2379-42C0-ACC2-53D67C9CE6FE}.Debug|Any CPU.Build.0 = Debug|Any CPU
		{7C7F429B-2379-42C0-ACC2-53D67C9CE6FE}.Debug|x64.ActiveCfg = Debug|Any CPU
		{7C7F429B-2379-42C0-ACC2-53D67C9CE6FE}.Debug|x64.Build.0 = Debug|Any CPU
		{7C7F429B-2379-42C0-ACC2-53D67C9CE6FE}.Debug|x86.ActiveCfg = Debug|Any CPU
		{7C7F429B-2379-42C0-ACC2-53D67C9CE6FE}.Debug|x86.Build.0 = Debug|Any CPU
		{7C7F429B-2379-42C0-ACC2-53D67C9CE6FE}.Release|Any CPU.ActiveCfg = Release|Any CPU
		{7C7F429B-2379-42C0-ACC2-53D67C9CE6FE}.Release|Any CPU.Build.0 = Release|Any CPU
		{7C7F429B-2379-42C0-ACC2-53D67C9CE6FE}.Release|x64.ActiveCfg = Release|Any CPU
		{7C7F429B-2379-42C0-ACC2-53D67C9CE6FE}.Release|x64.Build.0 = Release|Any CPU
		{7C7F429B-2379-42C0-ACC2-53D67C9CE6FE}.Release|x86.ActiveCfg = Release|Any CPU
		{7C7F429B-2379-42C0-ACC2-53D67C9CE6FE}.Release|x86.Build.0 = Release|Any CPU
		{4419AD4D-ECF1-41A8-A274-F4B52E4F93F6}.Debug|Any CPU.ActiveCfg = Debug|Any CPU
		{4419AD4D-ECF1-41A8-A274-F4B52E4F93F6}.Debug|Any CPU.Build.0 = Debug|Any CPU
		{4419AD4D-ECF1-41A8-A274-F4B52E4F93F6}.Debug|x64.ActiveCfg = Debug|Any CPU
		{4419AD4D-ECF1-41A8-A274-F4B52E4F93F6}.Debug|x64.Build.0 = Debug|Any CPU
		{4419AD4D-ECF1-41A8-A274-F4B52E4F93F6}.Debug|x86.ActiveCfg = Debug|Any CPU
		{4419AD4D-ECF1-41A8-A274-F4B52E4F93F6}.Debug|x86.Build.0 = Debug|Any CPU
		{4419AD4D-ECF1-41A8-A274-F4B52E4F93F6}.Release|Any CPU.ActiveCfg = Release|Any CPU
		{4419AD4D-ECF1-41A8-A274-F4B52E4F93F6}.Release|Any CPU.Build.0 = Release|Any CPU
		{4419AD4D-ECF1-41A8-A274-F4B52E4F93F6}.Release|x64.ActiveCfg = Release|Any CPU
		{4419AD4D-ECF1-41A8-A274-F4B52E4F93F6}.Release|x64.Build.0 = Release|Any CPU
		{4419AD4D-ECF1-41A8-A274-F4B52E4F93F6}.Release|x86.ActiveCfg = Release|Any CPU
		{4419AD4D-ECF1-41A8-A274-F4B52E4F93F6}.Release|x86.Build.0 = Release|Any CPU
		{7C3514F6-D774-4C21-BBAD-5C81DA00F7E8}.Debug|Any CPU.ActiveCfg = Debug|Any CPU
		{7C3514F6-D774-4C21-BBAD-5C81DA00F7E8}.Debug|Any CPU.Build.0 = Debug|Any CPU
		{7C3514F6-D774-4C21-BBAD-5C81DA00F7E8}.Debug|x64.ActiveCfg = Debug|Any CPU
		{7C3514F6-D774-4C21-BBAD-5C81DA00F7E8}.Debug|x64.Build.0 = Debug|Any CPU
		{7C3514F6-D774-4C21-BBAD-5C81DA00F7E8}.Debug|x86.ActiveCfg = Debug|Any CPU
		{7C3514F6-D774-4C21-BBAD-5C81DA00F7E8}.Debug|x86.Build.0 = Debug|Any CPU
		{7C3514F6-D774-4C21-BBAD-5C81DA00F7E8}.Release|Any CPU.ActiveCfg = Release|Any CPU
		{7C3514F6-D774-4C21-BBAD-5C81DA00F7E8}.Release|Any CPU.Build.0 = Release|Any CPU
		{7C3514F6-D774-4C21-BBAD-5C81DA00F7E8}.Release|x64.ActiveCfg = Release|Any CPU
		{7C3514F6-D774-4C21-BBAD-5C81DA00F7E8}.Release|x64.Build.0 = Release|Any CPU
		{7C3514F6-D774-4C21-BBAD-5C81DA00F7E8}.Release|x86.ActiveCfg = Release|Any CPU
		{7C3514F6-D774-4C21-BBAD-5C81DA00F7E8}.Release|x86.Build.0 = Release|Any CPU
		{B6DBA9B3-FB16-4799-B93B-8C560731E2C6}.Debug|Any CPU.ActiveCfg = Debug|Any CPU
		{B6DBA9B3-FB16-4799-B93B-8C560731E2C6}.Debug|Any CPU.Build.0 = Debug|Any CPU
		{B6DBA9B3-FB16-4799-B93B-8C560731E2C6}.Debug|x64.ActiveCfg = Debug|Any CPU
		{B6DBA9B3-FB16-4799-B93B-8C560731E2C6}.Debug|x64.Build.0 = Debug|Any CPU
		{B6DBA9B3-FB16-4799-B93B-8C560731E2C6}.Debug|x86.ActiveCfg = Debug|Any CPU
		{B6DBA9B3-FB16-4799-B93B-8C560731E2C6}.Debug|x86.Build.0 = Debug|Any CPU
		{B6DBA9B3-FB16-4799-B93B-8C560731E2C6}.Release|Any CPU.ActiveCfg = Release|Any CPU
		{B6DBA9B3-FB16-4799-B93B-8C560731E2C6}.Release|Any CPU.Build.0 = Release|Any CPU
		{B6DBA9B3-FB16-4799-B93B-8C560731E2C6}.Release|x64.ActiveCfg = Release|Any CPU
		{B6DBA9B3-FB16-4799-B93B-8C560731E2C6}.Release|x64.Build.0 = Release|Any CPU
		{B6DBA9B3-FB16-4799-B93B-8C560731E2C6}.Release|x86.ActiveCfg = Release|Any CPU
		{B6DBA9B3-FB16-4799-B93B-8C560731E2C6}.Release|x86.Build.0 = Release|Any CPU
	EndGlobalSection
	GlobalSection(SolutionProperties) = preSolution
		HideSolutionNode = FALSE
	EndGlobalSection
	GlobalSection(NestedProjects) = preSolution
		{95014346-ED91-4FFB-B801-07F067D2E107} = {827E0CD3-B72D-47B6-A68D-7590B98EB39B}
		{7C7F429B-2379-42C0-ACC2-53D67C9CE6FE} = {827E0CD3-B72D-47B6-A68D-7590B98EB39B}
		{4419AD4D-ECF1-41A8-A274-F4B52E4F93F6} = {827E0CD3-B72D-47B6-A68D-7590B98EB39B}
		{7C3514F6-D774-4C21-BBAD-5C81DA00F7E8} = {0AB3BF05-4346-4AA6-1389-037BE0695223}
		{B6DBA9B3-FB16-4799-B93B-8C560731E2C6} = {0AB3BF05-4346-4AA6-1389-037BE0695223}
	EndGlobalSection
EndGlobal
